# THIS IS AN AUTOGENERATED FILE. DO NOT EDIT THIS FILE DIRECTLY.
# yarn lockfile v1


typescript-language-server@^4.3.2:
  version "4.3.2"
  resolved "https://registry.yarnpkg.com/typescript-language-server/-/typescript-language-server-4.3.2.tgz#31954e8a9cc244c7fcd61d4a5b35cb44dcb31408"
  integrity sha512-I2BxhjySsfMjchedqUGutaoCTEAL/9f/kf8wjPtBx7MICQxXuSfNYvkDp51TfC29RW95pjz2BUgaezJoti4flA==
